<Solution>
  <Project Path="01-Välkomstsnurran/01-Välkomstsnurran.csproj" />
  <Project Path="02-Inmatningsskyddet/02-Inmatningsskyddet.csproj" Id="af33d815-de3d-493f-abb6-ef270356814b" />
  <Project Path="03-Räknaren/03-Räknaren.csproj" Id="541308e2-a1a5-4b55-8a4b-a675c8d5b3ab" />
  <Project Path="04-Baklänges/04-Baklänges.csproj" Id="aa19b09e-3701-4007-b909-b36d072a30d2" />
  <Project Path="05-Namnlistan/05-Namnlistan.csproj" Id="5e780661-0257-4ff0-b142-5fc853ca08b0" />
  <Project Path="06-Guld/06-Guld.csproj" Id="98523970-6b8e-4ec6-a270-34a21ded0e70" />
  <Project Path="07-HoppaÖver/07-HoppaÖver.csproj" Id="be2d2711-5b09-4109-ae2f-8eab17578689" />
  <Project Path="08-Multiplikationstabellen/08-Multiplikationstabellen.csproj" Id="b16a6851-2d6b-4a32-ab3f-b47cf67e2c75" />
  <Project Path="09-Nödutgång/09-Nödutgång.csproj" Id="bffb8f90-ff19-4e9e-8180-201d8b2ef582" />
  <Project Path="10-Textanalysatorn/10-Textanalysatorn.csproj" Id="5b997db9-8c89-4c02-b993-daee007fa486" />
  <Project Path="11-Temperaturloggen/11-Temperaturloggen.csproj" Id="08e8f002-29b8-4b77-a96b-cc4e6f506610" />
  <Project Path="12-RobustSifferinmatare/12-RobustSifferinmatare.csproj" Id="d3efae11-229b-44f6-8297-31318f7a3ceb" />
  <Project Path="13-RymdskeppetsKoordinater/13-RymdskeppetsKoordinater.csproj" Id="c02ec5dd-a78b-4b0c-afc2-50f1b17f62eb" />
  <Project Path="14-Strängkomprimeraren/14-Strängkomprimeraren.csproj" Id="c2612898-778a-4428-851e-c4926fbd6313" />
</Solution>
